{
  "name": "spotlight-test",
  "version": "1.0.0",
  "lockfileVersion": 3,
  "requires": true,
  "packages": {
    "": {
      "name": "spotlight-test",
      "version": "1.0.0",
      "dependencies": {
        "@spotlightjs/spotlight": "^1.2.12"
      }
    },
    "node_modules/@spotlightjs/overlay": {
      "version": "1.6.0",
      "resolved": "https://registry.npmjs.org/@spotlightjs/overlay/-/overlay-1.6.0.tgz",
      "integrity": "sha512-8QfE8LnpWtsQHGXutuJev8kpfw7tovtkEiLWurT9sMK6t78G00erAc+h3XfI9VIV1tMJxx+FaiG+n5jQs7wVHw=="
    },
    "node_modules/@spotlightjs/sidecar": {
      "version": "1.4.0",
      "resolved": "https://registry.npmjs.org/@spotlightjs/sidecar/-/sidecar-1.4.0.tgz",
      "integrity": "sha512-onj/phrNtDI8a79zc8jfxJ5BITQk5klO4xSoQXxiYeQWTZcegVeO8VftOVfWPBnMY/axnh+ltxJm/cHaV5SP6Q==",
      "bin": {
        "spotlight-sidecar": "server.js"
      }
    },
    "node_modules/@spotlightjs/spotlight": {
      "version": "1.2.12",
      "resolved": "https://registry.npmjs.org/@spotlightjs/spotlight/-/spotlight-1.2.12.tgz",
      "integrity": "sha512-FHXsKLOatoyG7fKwsxMYPspkS9h/wEIli02GiA98Hg0UqHWZ5UV7xFzlUqaBmr6hbPLnQoc7fcFIN0ATgVJ9ng==",
      "dependencies": {
        "@spotlightjs/overlay": "1.6.0",
        "@spotlightjs/sidecar": "1.4.0"
      },
      "bin": {
        "spotlight-sidecar": "bin/run.js"
      }
    }
  }
}
